# This file is automatically @generated by Cargo.
# It is not intended for manual editing.
version = 4

[[package]]
name = "amstrad_cpc"
version = "0.1.0"
dependencies = [
 "zilog_z80",
]

[[package]]
name = "zilog_z80"
version = "0.19.0"
source = "git+https://github.com/nicolasbauw/ZilogZ80.git?branch=cpc#575c87a7539dba4c7c47406326931bdfc2880007"
